// !$*UTF8*$!
{
	archiveVersion = 1;
	classes = {
	};
	objectVersion = 46;
	objects = {

/* Begin PBXBuildFile section */
		6205B2501C7C33CC0037A3DA /* main.m in Sources */ = {isa = PBXBuildFile; fileRef = 6205B24F1C7C33CC0037A3DA /* main.m */; };
		6205B2531C7C33CC0037A3DA /* AppDelegate.m in Sources */ = {isa = PBXBuildFile; fileRef = 6205B2521C7C33CC0037A3DA /* AppDelegate.m */; };
		6205B2561C7C33CC0037A3DA /* MasterViewController.m in Sources */ = {isa = PBXBuildFile; fileRef = 6205B2551C7C33CC0037A3DA /* MasterViewController.m */; };
		6205B2591C7C33CC0037A3DA /* DetailViewController.m in Sources */ = {isa = PBXBuildFile; fileRef = 6205B2581C7C33CC0037A3DA /* DetailViewController.m */; };
		6205B25C1C7C33CC0037A3DA /* Main.storyboard in Resources */ = {isa = PBXBuildFile; fileRef = 6205B25A1C7C33CC0037A3DA /* Main.storyboard */; };
		6205B25E1C7C33CC0037A3DA /* Assets.xcassets in Resources */ = {isa = PBXBuildFile; fileRef = 6205B25D1C7C33CC0037A3DA /* Assets.xcassets */; };
		6205B2611C7C33CC0037A3DA /* LaunchScreen.storyboard in Resources */ = {isa = PBXBuildFile; fileRef = 6205B25F1C7C33CC0037A3DA /* LaunchScreen.storyboard */; };
/* End PBXBuildFile section */

/* Begin PBXFileReference section */
		6205B24B1C7C33CC0037A3DA /* NSURLSessionTutorial.app */ = {isa = PBXFileReference; explicitFileType = wrapper.application; includeInIndex = 0; path = NSURLSessionTutorial.app; sourceTree = BUILT_PRODUCTS_DIR; };
		6205B24F1C7C33CC0037A3DA /* main.m */ = {isa = PBXFileReference; lastKnownFileType = sourcecode.c.objc; path = main.m; sourceTree = "<group>"; };
		6205B2511C7C33CC0037A3DA /* AppDelegate.h */ = {isa = PBXFileReference; lastKnownFileType = sourcecode.c.h; path = AppDelegate.h; sourceTree = "<group>"; };
		6205B2521C7C33CC0037A3DA /* AppDelegate.m */ = {isa = PBXFileReference; lastKnownFileType = sourcecode.c.objc; path = AppDelegate.m; sourceTree = "<group>"; };
		6205B2541C7C33CC0037A3DA /* MasterViewController.h */ = {isa = PBXFileReference; lastKnownFileType = sourcecode.c.h; path = MasterViewController.h; sourceTree = "<group>"; };
		6205B2551C7C33CC0037A3DA /* MasterViewController.m */ = {isa = PBXFileReference; lastKnownFileType = sourcecode.c.objc; path = MasterViewController.m; sourceTree = "<group>"; };
		6205B2571C7C33CC0037A3DA /* DetailViewController.h */ = {isa = PBXFileReference; lastKnownFileType = sourcecode.c.h; path = DetailViewController.h; sourceTree = "<group>"; };
		6205B2581C7C33CC0037A3DA /* DetailViewController.m */ = {isa = PBXFileReference; lastKnownFileType = sourcecode.c.objc; path = DetailViewController.m; sourceTree = "<group>"; };
		6205B25B1C7C33CC0037A3DA /* Base */ = {isa = PBXFileReference; lastKnownFileType = file.storyboard; name = Base; path = Base.lproj/Main.storyboard; sourceTree = "<group>"; };
		6205B25D1C7C33CC0037A3DA /* Assets.xcassets */ = {isa = PBXFileReference; lastKnownFileType = folder.assetcatalog; path = Assets.xcassets; sourceTree = "<group>"; };
		6205B2601C7C33CC0037A3DA /* Base */ = {isa = PBXFileReference; lastKnownFileType = file.storyboard; name = Base; path = Base.lproj/LaunchScreen.storyboard; sourceTree = "<group>"; };
		6205B2621C7C33CC0037A3DA /* Info.plist */ = {isa = PBXFileReference; lastKnownFileType = text.plist.xml; path = Info.plist; sourceTree = "<group>"; };
/* End PBXFileReference section */

/* Begin PBXFrameworksBuildPhase section */
		6205B2481C7C33CC0037A3DA /* Frameworks */ = {
			isa = PBXFrameworksBuildPhase;
			buildActionMask = 2147483647;
			files = (
			);
			runOnlyForDeploymentPostprocessing = 0;
		};
/* End PBXFrameworksBuildPhase section */

/* Begin PBXGroup section */
		6205B2421C7C33CC0037A3DA = {
			isa = PBXGroup;
			children = (
				6205B24D1C7C33CC0037A3DA /* NSURLSessionTutorial */,
				6205B24C1C7C33CC0037A3DA /* Products */,
			);
			sourceTree = "<group>";
		};
		6205B24C1C7C33CC0037A3DA /* Products */ = {
			isa = PBXGroup;
			children = (
				6205B24B1C7C33CC0037A3DA /* NSURLSessionTutorial.app */,
			);
			name = Products;
			sourceTree = "<group>";
		};
		6205B24D1C7C33CC0037A3DA /* NSURLSessionTutorial */ = {
			isa = PBXGroup;
			children = (
				6205B2511C7C33CC0037A3DA /* AppDelegate.h */,
				6205B2521C7C33CC0037A3DA /* AppDelegate.m */,
				6205B2541C7C33CC0037A3DA /* MasterViewController.h */,
				6205B2551C7C33CC0037A3DA /* MasterViewController.m */,
				6205B2571C7C33CC0037A3DA /* DetailViewController.h */,
				6205B2581C7C33CC0037A3DA /* DetailViewController.m */,
				6205B25A1C7C33CC0037A3DA /* Main.storyboard */,
				6205B25D1C7C33CC0037A3DA /* Assets.xcassets */,
				6205B25F1C7C33CC0037A3DA /* LaunchScreen.storyboard */,
				6205B2621C7C33CC0037A3DA /* Info.plist */,
				6205B24E1C7C33CC0037A3DA /* Supporting Files */,
			);
			path = NSURLSessionTutorial;
			sourceTree = "<group>";
		};
		6205B24E1C7C33CC0037A3DA /* Supporting Files */ = {
			isa = PBXGroup;
			children = (
				6205B24F1C7C33CC0037A3DA /* main.m */,
			);
			name = "Supporting Files";
			sourceTree = "<group>";
		};
/* End PBXGroup section */

/* Begin PBXNativeTarget section */
		6205B24A1C7C33CC0037A3DA /* NSURLSessionTutorial */ = {
			isa = PBXNativeTarget;
			buildConfigurationList = 6205B2651C7C33CC0037A3DA /* Build configuration list for PBXNativeTarget "NSURLSessionTutorial" */;
			buildPhases = (
				6205B2471C7C33CC0037A3DA /* Sources */,
				6205B2481C7C33CC0037A3DA /* Frameworks */,
				6205B2491C7C33CC0037A3DA /* Resources */,
			);
			buildRules = (
			);
			dependencies = (
			);
			name = NSURLSessionTutorial;
			productName = NSURLSessionTutorial;
			productReference = 6205B24B1C7C33CC0037A3DA /* NSURLSessionTutorial.app */;
			productType = "com.apple.product-type.application";
		};
/* End PBXNativeTarget section */

/* Begin PBXProject section */
		6205B2431C7C33CC0037A3DA /* Project object */ = {
			isa = PBXProject;
			attributes = {
				LastUpgradeCheck = 0720;
				ORGANIZATIONNAME = bdAppManiac;
				TargetAttributes = {
					6205B24A1C7C33CC0037A3DA = {
						CreatedOnToolsVersion = 7.2;
					};
				};
			};
			buildConfigurationList = 6205B2461C7C33CC0037A3DA /* Build configuration list for PBXProject "NSURLSessionTutorial" */;
			compatibilityVersion = "Xcode 3.2";
			developmentRegion = English;
			hasScannedForEncodings = 0;
			knownRegions = (
				en,
				Base,
			);
			mainGroup = 6205B2421C7C33CC0037A3DA;
			productRefGroup = 6205B24C1C7C33CC0037A3DA /* Products */;
			projectDirPath = "";
			projectRoot = "";
			targets = (
				6205B24A1C7C33CC0037A3DA /* NSURLSessionTutorial */,
			);
		};
/* End PBXProject section */

/* Begin PBXResourcesBuildPhase section */
		6205B2491C7C33CC0037A3DA /* Resources */ = {
			isa = PBXResourcesBuildPhase;
			buildActionMask = 2147483647;
			files = (
				6205B2611C7C33CC0037A3DA /* LaunchScreen.storyboard in Resources */,
				6205B25E1C7C33CC0037A3DA /* Assets.xcassets in Resources */,
				6205B25C1C7C33CC0037A3DA /* Main.storyboard in Resources */,
			);
			runOnlyForDeploymentPostprocessing = 0;
		};
/* End PBXResourcesBuildPhase section */

/* Begin PBXSourcesBuildPhase section */
		6205B2471C7C33CC0037A3DA /* Sources */ = {
			isa = PBXSourcesBuildPhase;
			buildActionMask = 2147483647;
			files = (
				6205B2531C7C33CC0037A3DA /* AppDelegate.m in Sources */,
				6205B2561C7C33CC0037A3DA /* MasterViewController.m in Sources */,
				6205B2501C7C33CC0037A3DA /* main.m in Sources */,
				6205B2591C7C33CC0037A3DA /* DetailViewController.m in Sources */,
			);
			runOnlyForDeploymentPostprocessing = 0;
		};
/* End PBXSourcesBuildPhase section */

/* Begin PBXVariantGroup section */
		6205B25A1C7C33CC0037A3DA /* Main.storyboard */ = {
			isa = PBXVariantGroup;
			children = (
				6205B25B1C7C33CC0037A3DA /* Base */,
			);
			name = Main.storyboard;
			sourceTree = "<group>";
		};
		6205B25F1C7C33CC0037A3DA /* LaunchScreen.storyboard */ = {
			isa = PBXVariantGroup;
			children = (
				6205B2601C7C33CC0037A3DA /* Base */,
			);
			name = LaunchScreen.storyboard;
			sourceTree = "<group>";
		};
/* End PBXVariantGroup section */

/* Begin XCBuildConfiguration section */
		6205B2631C7C33CC0037A3DA /* Debug */ = {
			isa = XCBuildConfiguration;
			buildSettings = {
				ALWAYS_SEARCH_USER_PATHS = NO;
				CLANG_CXX_LANGUAGE_STANDARD = "gnu++0x";
				CLANG_CXX_LIBRARY = "libc++";
				CLANG_ENABLE_MODULES = YES;
				CLANG_ENABLE_OBJC_ARC = YES;
				CLANG_WARN_BOOL_CONVERSION = YES;
				CLANG_WARN_CONSTANT_CONVERSION = YES;
				CLANG_WARN_DIRECT_OBJC_ISA_USAGE = YES_ERROR;
				CLANG_WARN_EMPTY_BODY = YES;
				CLANG_WARN_ENUM_CONVERSION = YES;
				CLANG_WARN_INT_CONVERSION = YES;
				CLANG_WARN_OBJC_ROOT_CLASS = YES_ERROR;
				CLANG_WARN_UNREACHABLE_CODE = YES;
				CLANG_WARN__DUPLICATE_METHOD_MATCH = YES;
				"CODE_SIGN_IDENTITY[sdk=iphoneos*]" = "iPhone Developer";
				COPY_PHASE_STRIP = NO;
				DEBUG_INFORMATION_FORMAT = dwarf;
				ENABLE_STRICT_OBJC_MSGSEND = YES;
				ENABLE_TESTABILITY = YES;
				GCC_C_LANGUAGE_STANDARD = gnu99;
				GCC_DYNAMIC_NO_PIC = NO;
				GCC_NO_COMMON_BLOCKS = YES;
				GCC_OPTIMIZATION_LEVEL = 0;
				GCC_PREPROCESSOR_DEFINITIONS = (
					"DEBUG=1",
					"$(inherited)",
				);
				GCC_WARN_64_TO_32_BIT_CONVERSION = YES;
				GCC_WARN_ABOUT_RETURN_TYPE = YES_ERROR;
				GCC_WARN_UNDECLARED_SELECTOR = YES;
				GCC_WARN_UNINITIALIZED_AUTOS = YES_AGGRESSIVE;
				GCC_WARN_UNUSED_FUNCTION = YES;
				GCC_WARN_UNUSED_VARIABLE = YES;
				IPHONEOS_DEPLOYMENT_TARGET = 9.2;
				MTL_ENABLE_DEBUG_INFO = YES;
				ONLY_ACTIVE_ARCH = YES;
				SDKROOT = iphoneos;
				TARGETED_DEVICE_FAMILY = "1,2";
			};
			name = Debug;
		};
		6205B2641C7C33CC0037A3DA /* Release */ = {
			isa = XCBuildConfiguration;
			buildSettings = {
				ALWAYS_SEARCH_USER_PATHS = NO;
				CLANG_CXX_LANGUAGE_STANDARD = "gnu++0x";
				CLANG_CXX_LIBRARY = "libc++";
				CLANG_ENABLE_MODULES = YES;
				CLANG_ENABLE_OBJC_ARC = YES;
				CLANG_WARN_BOOL_CONVERSION = YES;
				CLANG_WARN_CONSTANT_CONVERSION = YES;
				CLANG_WARN_DIRECT_OBJC_ISA_USAGE = YES_ERROR;
				CLANG_WARN_EMPTY_BODY = YES;
				CLANG_WARN_ENUM_CONVERSION = YES;
				CLANG_WARN_INT_CONVERSION = YES;
				CLANG_WARN_OBJC_ROOT_CLASS = YES_ERROR;
				CLANG_WARN_UNREACHABLE_CODE = YES;
				CLANG_WARN__DUPLICATE_METHOD_MATCH = YES;
				"CODE_SIGN_IDENTITY[sdk=iphoneos*]" = "iPhone Developer";
				COPY_PHASE_STRIP = NO;
				DEBUG_INFORMATION_FORMAT = "dwarf-with-dsym";
				ENABLE_NS_ASSERTIONS = NO;
				ENABLE_STRICT_OBJC_MSGSEND = YES;
				GCC_C_LANGUAGE_STANDARD = gnu99;
				GCC_NO_COMMON_BLOCKS = YES;
				GCC_WARN_64_TO_32_BIT_CONVERSION = YES;
				GCC_WARN_ABOUT_RETURN_TYPE = YES_ERROR;
				GCC_WARN_UNDECLARED_SELECTOR = YES;
				GCC_WARN_UNINITIALIZED_AUTOS = YES_AGGRESSIVE;
				GCC_WARN_UNUSED_FUNCTION = YES;
				GCC_WARN_UNUSED_VARIABLE = YES;
				IPHONEOS_DEPLOYMENT_TARGET = 9.2;
				MTL_ENABLE_DEBUG_INFO = NO;
				SDKROOT = iphoneos;
				TARGETED_DEVICE_FAMILY = "1,2";
				VALIDATE_PRODUCT = YES;
			};
			name = Release;
		};
		6205B2661C7C33CC0037A3DA /* Debug */ = {
			isa = XCBuildConfiguration;
			buildSettings = {
				ASSETCATALOG_COMPILER_APPICON_NAME = AppIcon;
				INFOPLIST_FILE = NSURLSessionTutorial/Info.plist;
				LD_RUNPATH_SEARCH_PATHS = "$(inherited) @executable_path/Frameworks";
				PRODUCT_BUNDLE_IDENTIFIER = com.bdAppManiac.NSURLSessionTutorial;
				PRODUCT_NAME = "$(TARGET_NAME)";
			};
			name = Debug;
		};
		6205B2671C7C33CC0037A3DA /* Release */ = {
			isa = XCBuildConfiguration;
			buildSettings = {
				ASSETCATALOG_COMPILER_APPICON_NAME = AppIcon;
				INFOPLIST_FILE = NSURLSessionTutorial/Info.plist;
				LD_RUNPATH_SEARCH_PATHS = "$(inherited) @executable_path/Frameworks";
				PRODUCT_BUNDLE_IDENTIFIER = com.bdAppManiac.NSURLSessionTutorial;
				PRODUCT_NAME = "$(TARGET_NAME)";
			};
			name = Release;
		};
/* End XCBuildConfiguration section */

/* Begin XCConfigurationList section */
		6205B2461C7C33CC0037A3DA /* Build configuration list for PBXProject "NSURLSessionTutorial" */ = {
			isa = XCConfigurationList;
			buildConfigurations = (
				6205B2631C7C33CC0037A3DA /* Debug */,
				6205B2641C7C33CC0037A3DA /* Release */,
			);
			defaultConfigurationIsVisible = 0;
			defaultConfigurationName = Release;
		};
		6205B2651C7C33CC0037A3DA /* Build configuration list for PBXNativeTarget "NSURLSessionTutorial" */ = {
			isa = XCConfigurationList;
			buildConfigurations = (
				6205B2661C7C33CC0037A3DA /* Debug */,
				6205B2671C7C33CC0037A3DA /* Release */,
			);
			defaultConfigurationIsVisible = 0;
		};
/* End XCConfigurationList section */
	};
	rootObject = 6205B2431C7C33CC0037A3DA /* Project object */;
}
